
Microsoft Visual Studio Solution File, Format Version 12.00
# Visual Studio 15
Project("{FAE04EC0-301F-11D3-BF4B-00C04F79EFBC}") = "TechJobs", "TechJobs\TechJobs.csproj", "{22729257-AA11-45F6-A782-7AC8B4AB715F}"
EndProject
Global
	GlobalSection(SolutionConfigurationPlatforms) = preSolution
		Debug|Any CPU = Debug|Any CPU
		Release|Any CPU = Release|Any CPU
	EndGlobalSection
	GlobalSection(ProjectConfigurationPlatforms) = postSolution
		{22729257-AA11-45F6-A782-7AC8B4AB715F}.Debug|Any CPU.ActiveCfg = Debug|Any CPU
		{22729257-AA11-45F6-A782-7AC8B4AB715F}.Debug|Any CPU.Build.0 = Debug|Any CPU
		{22729257-AA11-45F6-A782-7AC8B4AB715F}.Release|Any CPU.ActiveCfg = Release|Any CPU
		{22729257-AA11-45F6-A782-7AC8B4AB715F}.Release|Any CPU.Build.0 = Release|Any CPU
	EndGlobalSection
EndGlobal
